{
  "name": "5.6",
  "lockfileVersion": 3,
  "requires": true,
  "packages": {
    "": {
      "dependencies": {
        "types-registry": "^0.1.703"
      }
    },
    "node_modules/types-registry": {
      "version": "0.1.703",
      "resolved": "https://registry.npmjs.org/types-registry/-/types-registry-0.1.703.tgz",
      "integrity": "sha512-LaUrKR/Yr8KEP9s8uoFgsHZgrCy4jIleLN/dteShv0W3fixsUDy1P11n9/OWlGv44P/DY/X3er1IXv8mA+aVnw==",
      "license": "MIT"
    }
  }
}
